
Microsoft Visual Studio Solution File, Format Version 12.00
# Visual Studio Version 17
VisualStudioVersion = 17.0.31912.275
MinimumVisualStudioVersion = 10.0.40219.1
Project("{FAE04EC0-301F-11D3-BF4B-00C04F79EFBC}") = "Snake101", "Snake101\Snake101.csproj", "{58624B95-D00C-499E-BD71-A66855980E6F}"
EndProject
Global
	GlobalSection(SolutionConfigurationPlatforms) = preSolution
		Debug|Any CPU = Debug|Any CPU
		Release|Any CPU = Release|Any CPU
	EndGlobalSection
	GlobalSection(ProjectConfigurationPlatforms) = postSolution
		{58624B95-D00C-499E-BD71-A66855980E6F}.Debug|Any CPU.ActiveCfg = Debug|Any CPU
		{58624B95-D00C-499E-BD71-A66855980E6F}.Debug|Any CPU.Build.0 = Debug|Any CPU
		{58624B95-D00C-499E-BD71-A66855980E6F}.Release|Any CPU.ActiveCfg = Release|Any CPU
		{58624B95-D00C-499E-BD71-A66855980E6F}.Release|Any CPU.Build.0 = Release|Any CPU
	EndGlobalSection
	GlobalSection(SolutionProperties) = preSolution
		HideSolutionNode = FALSE
	EndGlobalSection
	GlobalSection(ExtensibilityGlobals) = postSolution
		SolutionGuid = {BD490FC9-BB16-4E0C-B050-35696320C604}
	EndGlobalSection
EndGlobal
